
Microsoft Visual Studio Solution File, Format Version 12.00
# Visual Studio 2015
Project("{FAE04EC0-301F-11D3-BF4B-00C04F79EFBC}") = "Byaka.CSharp.Plugins", "Byaka.CSharp.Plugins.csproj", "{FBA9E7D1-4682-EA16-2A71-E1E9BB299921}"
EndProject
Project("{FAE04EC0-301F-11D3-BF4B-00C04F79EFBC}") = "Byaka.CSharp", "Byaka.CSharp.csproj", "{C65D5A1B-FC35-CFAD-EC0A-4A6B6F8F39BE}"
EndProject
Global
	GlobalSection(SolutionConfigurationPlatforms) = preSolution
		Debug|Any CPU = Debug|Any CPU
		Release|Any CPU = Release|Any CPU
	EndGlobalSection
	GlobalSection(ProjectConfigurationPlatforms) = postSolution
		{FBA9E7D1-4682-EA16-2A71-E1E9BB299921}.Debug|Any CPU.ActiveCfg = Debug|Any CPU
		{FBA9E7D1-4682-EA16-2A71-E1E9BB299921}.Debug|Any CPU.Build.0 = Debug|Any CPU
		{FBA9E7D1-4682-EA16-2A71-E1E9BB299921}.Release|Any CPU.ActiveCfg = Release|Any CPU
		{FBA9E7D1-4682-EA16-2A71-E1E9BB299921}.Release|Any CPU.Build.0 = Release|Any CPU
		{C65D5A1B-FC35-CFAD-EC0A-4A6B6F8F39BE}.Debug|Any CPU.ActiveCfg = Debug|Any CPU
		{C65D5A1B-FC35-CFAD-EC0A-4A6B6F8F39BE}.Debug|Any CPU.Build.0 = Debug|Any CPU
		{C65D5A1B-FC35-CFAD-EC0A-4A6B6F8F39BE}.Release|Any CPU.ActiveCfg = Release|Any CPU
		{C65D5A1B-FC35-CFAD-EC0A-4A6B6F8F39BE}.Release|Any CPU.Build.0 = Release|Any CPU
	EndGlobalSection
	GlobalSection(SolutionProperties) = preSolution
		HideSolutionNode = FALSE
	EndGlobalSection
EndGlobal
